
Microsoft Visual Studio Solution File, Format Version 12.00
# Visual Studio Version 16
VisualStudioVersion = 16.0.30002.166
MinimumVisualStudioVersion = 10.0.40219.1
Project("{2150E333-8FDC-42A3-9474-1A3956D46DE8}") = "Solution Items", "Solution Items", "{8ABFD542-E15C-41AA-9756-5187264B8453}"
	ProjectSection(SolutionItems) = preProject
		New Document.nls = New Document.nls
	EndProjectSection
EndProject
Global
	GlobalSection(SolutionProperties) = preSolution
		HideSolutionNode = FALSE
	EndGlobalSection
	GlobalSection(ExtensibilityGlobals) = postSolution
		SolutionGuid = {C48E2DCE-D6E1-4C7C-8C7C-5AA4C6C3B8FA}
	EndGlobalSection
EndGlobal
